
Microsoft Visual Studio Solution File, Format Version 12.00
# Visual Studio Version 17
VisualStudioVersion = 17.14.36408.4
MinimumVisualStudioVersion = 10.0.40219.1
Project("{FAE04EC0-301F-11D3-BF4B-00C04F79EFBC}") = "AppHondaDuyDuc", "AppHondaDuyDuc.csproj", "{8ED5DFF1-D090-47A7-93CB-AA03B6827AC1}"
EndProject
Global
	GlobalSection(SolutionConfigurationPlatforms) = preSolution
		Debug|Any CPU = Debug|Any CPU
		Release|Any CPU = Release|Any CPU
	EndGlobalSection
	GlobalSection(ProjectConfigurationPlatforms) = postSolution
		{8ED5DFF1-D090-47A7-93CB-AA03B6827AC1}.Debug|Any CPU.ActiveCfg = Debug|Any CPU
		{8ED5DFF1-D090-47A7-93CB-AA03B6827AC1}.Debug|Any CPU.Build.0 = Debug|Any CPU
		{8ED5DFF1-D090-47A7-93CB-AA03B6827AC1}.Release|Any CPU.ActiveCfg = Release|Any CPU
		{8ED5DFF1-D090-47A7-93CB-AA03B6827AC1}.Release|Any CPU.Build.0 = Release|Any CPU
	EndGlobalSection
	GlobalSection(SolutionProperties) = preSolution
		HideSolutionNode = FALSE
	EndGlobalSection
	GlobalSection(ExtensibilityGlobals) = postSolution
		SolutionGuid = {FB2EF744-8088-458D-B91C-BAEBE1930994}
	EndGlobalSection
EndGlobal
